
Microsoft Visual Studio Solution File, Format Version 12.00
# Visual Studio Version 16
VisualStudioVersion = 16.0.29613.14
MinimumVisualStudioVersion = 10.0.40219.1
Project("{9A19103F-16F7-4668-BE54-9A1E7A4F7556}") = "Bussiness_Logic", "Bussiness_Logic\Bussiness_Logic.csproj", "{0837F0FD-D78B-4A34-93FB-BD10B92BE69F}"
EndProject
Project("{9A19103F-16F7-4668-BE54-9A1E7A4F7556}") = "AppWeb_MVC", "AppWeb_MVC\AppWeb_MVC.csproj", "{14B41180-D458-4A15-9F43-F97A1C86B249}"
EndProject
Global
	GlobalSection(SolutionConfigurationPlatforms) = preSolution
		Debug|Any CPU = Debug|Any CPU
		Release|Any CPU = Release|Any CPU
	EndGlobalSection
	GlobalSection(ProjectConfigurationPlatforms) = postSolution
		{0837F0FD-D78B-4A34-93FB-BD10B92BE69F}.Debug|Any CPU.ActiveCfg = Debug|Any CPU
		{0837F0FD-D78B-4A34-93FB-BD10B92BE69F}.Debug|Any CPU.Build.0 = Debug|Any CPU
		{0837F0FD-D78B-4A34-93FB-BD10B92BE69F}.Release|Any CPU.ActiveCfg = Release|Any CPU
		{0837F0FD-D78B-4A34-93FB-BD10B92BE69F}.Release|Any CPU.Build.0 = Release|Any CPU
		{14B41180-D458-4A15-9F43-F97A1C86B249}.Debug|Any CPU.ActiveCfg = Debug|Any CPU
		{14B41180-D458-4A15-9F43-F97A1C86B249}.Debug|Any CPU.Build.0 = Debug|Any CPU
		{14B41180-D458-4A15-9F43-F97A1C86B249}.Release|Any CPU.ActiveCfg = Release|Any CPU
		{14B41180-D458-4A15-9F43-F97A1C86B249}.Release|Any CPU.Build.0 = Release|Any CPU
	EndGlobalSection
	GlobalSection(SolutionProperties) = preSolution
		HideSolutionNode = FALSE
	EndGlobalSection
	GlobalSection(ExtensibilityGlobals) = postSolution
		SolutionGuid = {97B7E20F-D1F6-4264-89A1-CE998C11A282}
	EndGlobalSection
EndGlobal
