
Microsoft Visual Studio Solution File, Format Version 12.00
# Visual Studio Version 16
VisualStudioVersion = 16.0.29613.14
MinimumVisualStudioVersion = 10.0.40219.1
Project("{9A19103F-16F7-4668-BE54-9A1E7A4F7556}") = "Bussiness_Logic", "Bussiness_Logic\Bussiness_Logic.csproj", "{D9B3361A-A60B-43DA-A56A-BBD7273AA247}"
EndProject
Project("{9A19103F-16F7-4668-BE54-9A1E7A4F7556}") = "API", "API\API.csproj", "{9C5CEB82-F8E7-466C-9886-5713EB4F43EF}"
EndProject
Global
	GlobalSection(SolutionConfigurationPlatforms) = preSolution
		Debug|Any CPU = Debug|Any CPU
		Release|Any CPU = Release|Any CPU
	EndGlobalSection
	GlobalSection(ProjectConfigurationPlatforms) = postSolution
		{D9B3361A-A60B-43DA-A56A-BBD7273AA247}.Debug|Any CPU.ActiveCfg = Debug|Any CPU
		{D9B3361A-A60B-43DA-A56A-BBD7273AA247}.Debug|Any CPU.Build.0 = Debug|Any CPU
		{D9B3361A-A60B-43DA-A56A-BBD7273AA247}.Release|Any CPU.ActiveCfg = Release|Any CPU
		{D9B3361A-A60B-43DA-A56A-BBD7273AA247}.Release|Any CPU.Build.0 = Release|Any CPU
		{9C5CEB82-F8E7-466C-9886-5713EB4F43EF}.Debug|Any CPU.ActiveCfg = Debug|Any CPU
		{9C5CEB82-F8E7-466C-9886-5713EB4F43EF}.Debug|Any CPU.Build.0 = Debug|Any CPU
		{9C5CEB82-F8E7-466C-9886-5713EB4F43EF}.Release|Any CPU.ActiveCfg = Release|Any CPU
		{9C5CEB82-F8E7-466C-9886-5713EB4F43EF}.Release|Any CPU.Build.0 = Release|Any CPU
	EndGlobalSection
	GlobalSection(SolutionProperties) = preSolution
		HideSolutionNode = FALSE
	EndGlobalSection
	GlobalSection(ExtensibilityGlobals) = postSolution
		SolutionGuid = {DF0DB32B-A142-4E4B-813C-30FC96D477B5}
	EndGlobalSection
EndGlobal
